
Microsoft Visual Studio Solution File, Format Version 12.00
# Visual Studio Version 16
VisualStudioVersion = 16.0.30517.126
MinimumVisualStudioVersion = 10.0.40219.1
Project("{FAE04EC0-301F-11D3-BF4B-00C04F79EFBC}") = "BankAccount", "BankAccount.csproj", "{10AB6641-0019-4E46-85FC-70E8823404F0}"
EndProject
Global
	GlobalSection(SolutionConfigurationPlatforms) = preSolution
		Debug|Any CPU = Debug|Any CPU
		Release|Any CPU = Release|Any CPU
	EndGlobalSection
	GlobalSection(ProjectConfigurationPlatforms) = postSolution
		{10AB6641-0019-4E46-85FC-70E8823404F0}.Debug|Any CPU.ActiveCfg = Debug|Any CPU
		{10AB6641-0019-4E46-85FC-70E8823404F0}.Debug|Any CPU.Build.0 = Debug|Any CPU
		{10AB6641-0019-4E46-85FC-70E8823404F0}.Release|Any CPU.ActiveCfg = Release|Any CPU
		{10AB6641-0019-4E46-85FC-70E8823404F0}.Release|Any CPU.Build.0 = Release|Any CPU
	EndGlobalSection
	GlobalSection(SolutionProperties) = preSolution
		HideSolutionNode = FALSE
	EndGlobalSection
	GlobalSection(ExtensibilityGlobals) = postSolution
		SolutionGuid = {A326F814-22F9-47F4-882A-6788A47602A8}
	EndGlobalSection
EndGlobal
